# THIS IS AN AUTOGENERATED FILE. DO NOT EDIT THIS FILE DIRECTLY.
# yarn lockfile v1


papaparse@^5.1.1:
  version "5.1.1"
  resolved "https://registry.yarnpkg.com/papaparse/-/papaparse-5.1.1.tgz#1da66a039f80e2db43a1226b0bf44106451e9a2d"
  integrity sha512-KPkW4GNQxunmYTeJIjHFrvilcNuHBWrfgbyvmagEmfGOA4hnP1WIkPbv4yABhj1Nam3as4w+7MBiI27BntwqVg==

paper@^0.12.4:
  version "0.12.4"
  resolved "https://registry.yarnpkg.com/paper/-/paper-0.12.4.tgz#c6b01fea26cb30d15a4f7abeb3465c45ad7b49ae"
  integrity sha512-KypUqX2uXJZOX2j55RcgnBzK7weau9WKVCB+3e0E1Wa9yxlV7z6BsSrrJxmLNIC0pATbjcy9pJYDutQ7rIhnpQ==

tachyons@^4.10.0:
  version "4.11.1"
  resolved "https://registry.yarnpkg.com/tachyons/-/tachyons-4.11.1.tgz#4e3666e7299e47aea7d820e0580dd4dc07cf3feb"
  integrity sha512-n5zIZ8i8kZ8vz05vX1BdvkP8b9ufsMeSRmdqTuUtz5rlNxr03nntiZMc/HTADIsPYZj/wZJDJglxV0/yvvaiZA==
