# THIS IS AN AUTOGENERATED FILE. DO NOT EDIT THIS FILE DIRECTLY.
# yarn lockfile v1


paper@^0.12.4:
  version "0.12.4"
  resolved "https://registry.yarnpkg.com/paper/-/paper-0.12.4.tgz#c6b01fea26cb30d15a4f7abeb3465c45ad7b49ae"
  integrity sha512-KypUqX2uXJZOX2j55RcgnBzK7weau9WKVCB+3e0E1Wa9yxlV7z6BsSrrJxmLNIC0pATbjcy9pJYDutQ7rIhnpQ==
